// !$*UTF8*$!
{
	archiveVersion = 1;
	classes = {
	};
	objectVersion = 56;
	objects = {

/* Begin PBXBuildFile section */
		4B232F2D2B9AD959008C6669 /* tour_generator.cpp in Sources */ = {isa = PBXBuildFile; fileRef = 4B232F2B2B9AD959008C6669 /* tour_generator.cpp */; };
		4B232F302B9AD97F008C6669 /* router.cpp in Sources */ = {isa = PBXBuildFile; fileRef = 4B232F2E2B9AD97F008C6669 /* router.cpp */; };
		4B232F332B9AD9A1008C6669 /* geodb.cpp in Sources */ = {isa = PBXBuildFile; fileRef = 4B232F312B9AD9A1008C6669 /* geodb.cpp */; };
		4B232F4D2B9BCDD0008C6669 /* main.cpp in Sources */ = {isa = PBXBuildFile; fileRef = 4B232F4C2B9BCDD0008C6669 /* main.cpp */; };
/* End PBXBuildFile section */

/* Begin PBXCopyFilesBuildPhase section */
		4B232F182B9AD875008C6669 /* CopyFiles */ = {
			isa = PBXCopyFilesBuildPhase;
			buildActionMask = 2147483647;
			dstPath = /usr/share/man/man1/;
			dstSubfolderSpec = 0;
			files = (
			);
			runOnlyForDeploymentPostprocessing = 1;
		};
/* End PBXCopyFilesBuildPhase section */

/* Begin PBXFileReference section */
		4B232F1A2B9AD875008C6669 /* BruinTours */ = {isa = PBXFileReference; explicitFileType = "compiled.mach-o.executable"; includeInIndex = 0; path = BruinTours; sourceTree = BUILT_PRODUCTS_DIR; };
		4B232F2A2B9AD943008C6669 /* HashMap.h */ = {isa = PBXFileReference; lastKnownFileType = sourcecode.c.h; path = HashMap.h; sourceTree = "<group>"; };
		4B232F2B2B9AD959008C6669 /* tour_generator.cpp */ = {isa = PBXFileReference; lastKnownFileType = sourcecode.cpp.cpp; path = tour_generator.cpp; sourceTree = "<group>"; };
		4B232F2C2B9AD959008C6669 /* tour_generator.h */ = {isa = PBXFileReference; lastKnownFileType = sourcecode.c.h; path = tour_generator.h; sourceTree = "<group>"; };
		4B232F2E2B9AD97F008C6669 /* router.cpp */ = {isa = PBXFileReference; lastKnownFileType = sourcecode.cpp.cpp; path = router.cpp; sourceTree = "<group>"; };
		4B232F2F2B9AD97F008C6669 /* router.h */ = {isa = PBXFileReference; lastKnownFileType = sourcecode.c.h; path = router.h; sourceTree = "<group>"; };
		4B232F312B9AD9A1008C6669 /* geodb.cpp */ = {isa = PBXFileReference; lastKnownFileType = sourcecode.cpp.cpp; path = geodb.cpp; sourceTree = "<group>"; };
		4B232F322B9AD9A1008C6669 /* geodb.h */ = {isa = PBXFileReference; lastKnownFileType = sourcecode.c.h; path = geodb.h; sourceTree = "<group>"; };
		4B232F472B9BCDD0008C6669 /* base_classes.h */ = {isa = PBXFileReference; fileEncoding = 4; lastKnownFileType = sourcecode.c.h; path = base_classes.h; sourceTree = "<group>"; };
		4B232F482B9BCDD0008C6669 /* stops.h */ = {isa = PBXFileReference; fileEncoding = 4; lastKnownFileType = sourcecode.c.h; path = stops.h; sourceTree = "<group>"; };
		4B232F492B9BCDD0008C6669 /* geotools.h */ = {isa = PBXFileReference; fileEncoding = 4; lastKnownFileType = sourcecode.c.h; path = geotools.h; sourceTree = "<group>"; };
		4B232F4A2B9BCDD0008C6669 /* geopoint.h */ = {isa = PBXFileReference; fileEncoding = 4; lastKnownFileType = sourcecode.c.h; path = geopoint.h; sourceTree = "<group>"; };
		4B232F4B2B9BCDD0008C6669 /* tourcmd.h */ = {isa = PBXFileReference; fileEncoding = 4; lastKnownFileType = sourcecode.c.h; path = tourcmd.h; sourceTree = "<group>"; };
		4B232F4C2B9BCDD0008C6669 /* main.cpp */ = {isa = PBXFileReference; fileEncoding = 4; lastKnownFileType = sourcecode.cpp.cpp; path = main.cpp; sourceTree = "<group>"; };
/* End PBXFileReference section */

/* Begin PBXFrameworksBuildPhase section */
		4B232F172B9AD875008C6669 /* Frameworks */ = {
			isa = PBXFrameworksBuildPhase;
			buildActionMask = 2147483647;
			files = (
			);
			runOnlyForDeploymentPostprocessing = 0;
		};
/* End PBXFrameworksBuildPhase section */

/* Begin PBXGroup section */
		4B232F112B9AD875008C6669 = {
			isa = PBXGroup;
			children = (
				4B232F1C2B9AD875008C6669 /* BruinTours */,
				4B232F1B2B9AD875008C6669 /* Products */,
			);
			sourceTree = "<group>";
		};
		4B232F1B2B9AD875008C6669 /* Products */ = {
			isa = PBXGroup;
			children = (
				4B232F1A2B9AD875008C6669 /* BruinTours */,
			);
			name = Products;
			sourceTree = "<group>";
		};
		4B232F1C2B9AD875008C6669 /* BruinTours */ = {
			isa = PBXGroup;
			children = (
				4B232F2A2B9AD943008C6669 /* HashMap.h */,
				4B232F2B2B9AD959008C6669 /* tour_generator.cpp */,
				4B232F2C2B9AD959008C6669 /* tour_generator.h */,
				4B232F2E2B9AD97F008C6669 /* router.cpp */,
				4B232F2F2B9AD97F008C6669 /* router.h */,
				4B232F312B9AD9A1008C6669 /* geodb.cpp */,
				4B232F472B9BCDD0008C6669 /* base_classes.h */,
				4B232F322B9AD9A1008C6669 /* geodb.h */,
				4B232F4A2B9BCDD0008C6669 /* geopoint.h */,
				4B232F492B9BCDD0008C6669 /* geotools.h */,
				4B232F4C2B9BCDD0008C6669 /* main.cpp */,
				4B232F482B9BCDD0008C6669 /* stops.h */,
				4B232F4B2B9BCDD0008C6669 /* tourcmd.h */,
			);
			path = BruinTours;
			sourceTree = "<group>";
		};
/* End PBXGroup section */

/* Begin PBXNativeTarget section */
		4B232F192B9AD875008C6669 /* BruinTours */ = {
			isa = PBXNativeTarget;
			buildConfigurationList = 4B232F212B9AD875008C6669 /* Build configuration list for PBXNativeTarget "BruinTours" */;
			buildPhases = (
				4B232F162B9AD875008C6669 /* Sources */,
				4B232F172B9AD875008C6669 /* Frameworks */,
				4B232F182B9AD875008C6669 /* CopyFiles */,
			);
			buildRules = (
			);
			dependencies = (
			);
			name = BruinTours;
			productName = BruinTours;
			productReference = 4B232F1A2B9AD875008C6669 /* BruinTours */;
			productType = "com.apple.product-type.tool";
		};
/* End PBXNativeTarget section */

/* Begin PBXProject section */
		4B232F122B9AD875008C6669 /* Project object */ = {
			isa = PBXProject;
			attributes = {
				BuildIndependentTargetsInParallel = 1;
				LastUpgradeCheck = 1520;
				TargetAttributes = {
					4B232F192B9AD875008C6669 = {
						CreatedOnToolsVersion = 15.2;
					};
				};
			};
			buildConfigurationList = 4B232F152B9AD875008C6669 /* Build configuration list for PBXProject "BruinTours" */;
			compatibilityVersion = "Xcode 14.0";
			developmentRegion = en;
			hasScannedForEncodings = 0;
			knownRegions = (
				en,
				Base,
			);
			mainGroup = 4B232F112B9AD875008C6669;
			productRefGroup = 4B232F1B2B9AD875008C6669 /* Products */;
			projectDirPath = "";
			projectRoot = "";
			targets = (
				4B232F192B9AD875008C6669 /* BruinTours */,
			);
		};
/* End PBXProject section */

/* Begin PBXSourcesBuildPhase section */
		4B232F162B9AD875008C6669 /* Sources */ = {
			isa = PBXSourcesBuildPhase;
			buildActionMask = 2147483647;
			files = (
				4B232F302B9AD97F008C6669 /* router.cpp in Sources */,
				4B232F2D2B9AD959008C6669 /* tour_generator.cpp in Sources */,
				4B232F4D2B9BCDD0008C6669 /* main.cpp in Sources */,
				4B232F332B9AD9A1008C6669 /* geodb.cpp in Sources */,
			);
			runOnlyForDeploymentPostprocessing = 0;
		};
/* End PBXSourcesBuildPhase section */

/* Begin XCBuildConfiguration section */
		4B232F1F2B9AD875008C6669 /* Debug */ = {
			isa = XCBuildConfiguration;
			buildSettings = {
				ALWAYS_SEARCH_USER_PATHS = NO;
				ASSETCATALOG_COMPILER_GENERATE_SWIFT_ASSET_SYMBOL_EXTENSIONS = YES;
				CLANG_ANALYZER_NONNULL = YES;
				CLANG_ANALYZER_NUMBER_OBJECT_CONVERSION = YES_AGGRESSIVE;
				CLANG_CXX_LANGUAGE_STANDARD = "gnu++20";
				CLANG_ENABLE_MODULES = YES;
				CLANG_ENABLE_OBJC_ARC = YES;
				CLANG_ENABLE_OBJC_WEAK = YES;
				CLANG_WARN_BLOCK_CAPTURE_AUTORELEASING = YES;
				CLANG_WARN_BOOL_CONVERSION = YES;
				CLANG_WARN_COMMA = YES;
				CLANG_WARN_CONSTANT_CONVERSION = YES;
				CLANG_WARN_DEPRECATED_OBJC_IMPLEMENTATIONS = YES;
				CLANG_WARN_DIRECT_OBJC_ISA_USAGE = YES_ERROR;
				CLANG_WARN_DOCUMENTATION_COMMENTS = YES;
				CLANG_WARN_EMPTY_BODY = YES;
				CLANG_WARN_ENUM_CONVERSION = YES;
				CLANG_WARN_INFINITE_RECURSION = YES;
				CLANG_WARN_INT_CONVERSION = YES;
				CLANG_WARN_NON_LITERAL_NULL_CONVERSION = YES;
				CLANG_WARN_OBJC_IMPLICIT_RETAIN_SELF = YES;
				CLANG_WARN_OBJC_LITERAL_CONVERSION = YES;
				CLANG_WARN_OBJC_ROOT_CLASS = YES_ERROR;
				CLANG_WARN_QUOTED_INCLUDE_IN_FRAMEWORK_HEADER = YES;
				CLANG_WARN_RANGE_LOOP_ANALYSIS = YES;
				CLANG_WARN_STRICT_PROTOTYPES = YES;
				CLANG_WARN_SUSPICIOUS_MOVE = YES;
				CLANG_WARN_UNGUARDED_AVAILABILITY = YES_AGGRESSIVE;
				CLANG_WARN_UNREACHABLE_CODE = YES;
				CLANG_WARN__DUPLICATE_METHOD_MATCH = YES;
				COPY_PHASE_STRIP = NO;
				DEBUG_INFORMATION_FORMAT = dwarf;
				ENABLE_STRICT_OBJC_MSGSEND = YES;
				ENABLE_TESTABILITY = YES;
				ENABLE_USER_SCRIPT_SANDBOXING = YES;
				GCC_C_LANGUAGE_STANDARD = gnu17;
				GCC_DYNAMIC_NO_PIC = NO;
				GCC_NO_COMMON_BLOCKS = YES;
				GCC_OPTIMIZATION_LEVEL = 0;
				GCC_PREPROCESSOR_DEFINITIONS = (
					"DEBUG=1",
					"$(inherited)",
				);
				GCC_WARN_64_TO_32_BIT_CONVERSION = YES;
				GCC_WARN_ABOUT_RETURN_TYPE = YES_ERROR;
				GCC_WARN_UNDECLARED_SELECTOR = YES;
				GCC_WARN_UNINITIALIZED_AUTOS = YES_AGGRESSIVE;
				GCC_WARN_UNUSED_FUNCTION = YES;
				GCC_WARN_UNUSED_VARIABLE = YES;
				LOCALIZATION_PREFERS_STRING_CATALOGS = YES;
				MACOSX_DEPLOYMENT_TARGET = 13.6;
				MTL_ENABLE_DEBUG_INFO = INCLUDE_SOURCE;
				MTL_FAST_MATH = YES;
				ONLY_ACTIVE_ARCH = YES;
				SDKROOT = macosx;
			};
			name = Debug;
		};
		4B232F202B9AD875008C6669 /* Release */ = {
			isa = XCBuildConfiguration;
			buildSettings = {
				ALWAYS_SEARCH_USER_PATHS = NO;
				ASSETCATALOG_COMPILER_GENERATE_SWIFT_ASSET_SYMBOL_EXTENSIONS = YES;
				CLANG_ANALYZER_NONNULL = YES;
				CLANG_ANALYZER_NUMBER_OBJECT_CONVERSION = YES_AGGRESSIVE;
				CLANG_CXX_LANGUAGE_STANDARD = "gnu++20";
				CLANG_ENABLE_MODULES = YES;
				CLANG_ENABLE_OBJC_ARC = YES;
				CLANG_ENABLE_OBJC_WEAK = YES;
				CLANG_WARN_BLOCK_CAPTURE_AUTORELEASING = YES;
				CLANG_WARN_BOOL_CONVERSION = YES;
				CLANG_WARN_COMMA = YES;
				CLANG_WARN_CONSTANT_CONVERSION = YES;
				CLANG_WARN_DEPRECATED_OBJC_IMPLEMENTATIONS = YES;
				CLANG_WARN_DIRECT_OBJC_ISA_USAGE = YES_ERROR;
				CLANG_WARN_DOCUMENTATION_COMMENTS = YES;
				CLANG_WARN_EMPTY_BODY = YES;
				CLANG_WARN_ENUM_CONVERSION = YES;
				CLANG_WARN_INFINITE_RECURSION = YES;
				CLANG_WARN_INT_CONVERSION = YES;
				CLANG_WARN_NON_LITERAL_NULL_CONVERSION = YES;
				CLANG_WARN_OBJC_IMPLICIT_RETAIN_SELF = YES;
				CLANG_WARN_OBJC_LITERAL_CONVERSION = YES;
				CLANG_WARN_OBJC_ROOT_CLASS = YES_ERROR;
				CLANG_WARN_QUOTED_INCLUDE_IN_FRAMEWORK_HEADER = YES;
				CLANG_WARN_RANGE_LOOP_ANALYSIS = YES;
				CLANG_WARN_STRICT_PROTOTYPES = YES;
				CLANG_WARN_SUSPICIOUS_MOVE = YES;
				CLANG_WARN_UNGUARDED_AVAILABILITY = YES_AGGRESSIVE;
				CLANG_WARN_UNREACHABLE_CODE = YES;
				CLANG_WARN__DUPLICATE_METHOD_MATCH = YES;
				COPY_PHASE_STRIP = NO;
				DEBUG_INFORMATION_FORMAT = "dwarf-with-dsym";
				ENABLE_NS_ASSERTIONS = NO;
				ENABLE_STRICT_OBJC_MSGSEND = YES;
				ENABLE_USER_SCRIPT_SANDBOXING = YES;
				GCC_C_LANGUAGE_STANDARD = gnu17;
				GCC_NO_COMMON_BLOCKS = YES;
				GCC_WARN_64_TO_32_BIT_CONVERSION = YES;
				GCC_WARN_ABOUT_RETURN_TYPE = YES_ERROR;
				GCC_WARN_UNDECLARED_SELECTOR = YES;
				GCC_WARN_UNINITIALIZED_AUTOS = YES_AGGRESSIVE;
				GCC_WARN_UNUSED_FUNCTION = YES;
				GCC_WARN_UNUSED_VARIABLE = YES;
				LOCALIZATION_PREFERS_STRING_CATALOGS = YES;
				MACOSX_DEPLOYMENT_TARGET = 13.6;
				MTL_ENABLE_DEBUG_INFO = NO;
				MTL_FAST_MATH = YES;
				SDKROOT = macosx;
			};
			name = Release;
		};
		4B232F222B9AD875008C6669 /* Debug */ = {
			isa = XCBuildConfiguration;
			buildSettings = {
				CODE_SIGN_STYLE = Automatic;
				PRODUCT_NAME = "$(TARGET_NAME)";
			};
			name = Debug;
		};
		4B232F232B9AD875008C6669 /* Release */ = {
			isa = XCBuildConfiguration;
			buildSettings = {
				CODE_SIGN_STYLE = Automatic;
				PRODUCT_NAME = "$(TARGET_NAME)";
			};
			name = Release;
		};
/* End XCBuildConfiguration section */

/* Begin XCConfigurationList section */
		4B232F152B9AD875008C6669 /* Build configuration list for PBXProject "BruinTours" */ = {
			isa = XCConfigurationList;
			buildConfigurations = (
				4B232F1F2B9AD875008C6669 /* Debug */,
				4B232F202B9AD875008C6669 /* Release */,
			);
			defaultConfigurationIsVisible = 0;
			defaultConfigurationName = Release;
		};
		4B232F212B9AD875008C6669 /* Build configuration list for PBXNativeTarget "BruinTours" */ = {
			isa = XCConfigurationList;
			buildConfigurations = (
				4B232F222B9AD875008C6669 /* Debug */,
				4B232F232B9AD875008C6669 /* Release */,
			);
			defaultConfigurationIsVisible = 0;
			defaultConfigurationName = Release;
		};
/* End XCConfigurationList section */
	};
	rootObject = 4B232F122B9AD875008C6669 /* Project object */;
}
